
Microsoft Visual Studio Solution File, Format Version 10.00
# Visual Studio 2008
Project("{FAE04EC0-301F-11D3-BF4B-00C04F79EFBC}") = "NLuke", "NLuke\NLuke.csproj", "{ADCCCF21-EBEA-4872-B959-543D3177EAD7}"
EndProject
Project("{FAE04EC0-301F-11D3-BF4B-00C04F79EFBC}") = "NLuke.CreateIndex", "NLuke.CreateIndex\NLuke.CreateIndex.csproj", "{698FD2BF-FA54-434F-A1CF-81746258BE2F}"
EndProject
Global
	GlobalSection(SolutionConfigurationPlatforms) = preSolution
		Debug|Any CPU = Debug|Any CPU
		Release|Any CPU = Release|Any CPU
	EndGlobalSection
	GlobalSection(ProjectConfigurationPlatforms) = postSolution
		{ADCCCF21-EBEA-4872-B959-543D3177EAD7}.Debug|Any CPU.ActiveCfg = Debug|Any CPU
		{ADCCCF21-EBEA-4872-B959-543D3177EAD7}.Debug|Any CPU.Build.0 = Debug|Any CPU
		{ADCCCF21-EBEA-4872-B959-543D3177EAD7}.Release|Any CPU.ActiveCfg = Release|Any CPU
		{ADCCCF21-EBEA-4872-B959-543D3177EAD7}.Release|Any CPU.Build.0 = Release|Any CPU
		{698FD2BF-FA54-434F-A1CF-81746258BE2F}.Debug|Any CPU.ActiveCfg = Debug|Any CPU
		{698FD2BF-FA54-434F-A1CF-81746258BE2F}.Debug|Any CPU.Build.0 = Debug|Any CPU
		{698FD2BF-FA54-434F-A1CF-81746258BE2F}.Release|Any CPU.ActiveCfg = Release|Any CPU
		{698FD2BF-FA54-434F-A1CF-81746258BE2F}.Release|Any CPU.Build.0 = Release|Any CPU
	EndGlobalSection
	GlobalSection(SolutionProperties) = preSolution
		HideSolutionNode = FALSE
	EndGlobalSection
EndGlobal
